
Microsoft Visual Studio Solution File, Format Version 12.00
# Visual Studio Version 17
VisualStudioVersion = 17.9.34616.47
MinimumVisualStudioVersion = 10.0.40219.1
Project("{FAE04EC0-301F-11D3-BF4B-00C04F79EFBC}") = "WebApplication1", "WebApplication1\WebApplication1.csproj", "{E00BBA8F-57A1-4FF7-A5FD-94D0410BE0F6}"
EndProject
Global
	GlobalSection(SolutionConfigurationPlatforms) = preSolution
		Debug|Any CPU = Debug|Any CPU
		Release|Any CPU = Release|Any CPU
	EndGlobalSection
	GlobalSection(ProjectConfigurationPlatforms) = postSolution
		{E00BBA8F-57A1-4FF7-A5FD-94D0410BE0F6}.Debug|Any CPU.ActiveCfg = Debug|Any CPU
		{E00BBA8F-57A1-4FF7-A5FD-94D0410BE0F6}.Debug|Any CPU.Build.0 = Debug|Any CPU
		{E00BBA8F-57A1-4FF7-A5FD-94D0410BE0F6}.Release|Any CPU.ActiveCfg = Release|Any CPU
		{E00BBA8F-57A1-4FF7-A5FD-94D0410BE0F6}.Release|Any CPU.Build.0 = Release|Any CPU
	EndGlobalSection
	GlobalSection(SolutionProperties) = preSolution
		HideSolutionNode = FALSE
	EndGlobalSection
	GlobalSection(ExtensibilityGlobals) = postSolution
		SolutionGuid = {BA92A054-0A45-47D2-A837-3E0FA1C48534}
	EndGlobalSection
EndGlobal
